// !$*UTF8*$!
{
	archiveVersion = 1;
	classes = {
	};
	objectVersion = 77;
	objects = {

/* Begin PBXBuildFile section */
		074906B52CDD593D002490A6 /* FirebaseAnalytics in Frameworks */ = {isa = PBXBuildFile; productRef = 074906B42CDD593D002490A6 /* FirebaseAnalytics */; };
		074906B72CDD5A40002490A6 /* FirebaseAuth in Frameworks */ = {isa = PBXBuildFile; productRef = 074906B62CDD5A40002490A6 /* FirebaseAuth */; };
		074906B92CDD5A40002490A6 /* FirebaseFirestore in Frameworks */ = {isa = PBXBuildFile; productRef = 074906B82CDD5A40002490A6 /* FirebaseFirestore */; };
		074906BB2CDD5A40002490A6 /* FirebaseStorage in Frameworks */ = {isa = PBXBuildFile; productRef = 074906BA2CDD5A40002490A6 /* FirebaseStorage */; };
/* End PBXBuildFile section */

/* Begin PBXContainerItemProxy section */
		074906972CDD302B002490A6 /* PBXContainerItemProxy */ = {
			isa = PBXContainerItemProxy;
			containerPortal = 0749067E2CDD3028002490A6 /* Project object */;
			proxyType = 1;
			remoteGlobalIDString = 074906852CDD3028002490A6;
			remoteInfo = EricToDo;
		};
		074906A12CDD302B002490A6 /* PBXContainerItemProxy */ = {
			isa = PBXContainerItemProxy;
			containerPortal = 0749067E2CDD3028002490A6 /* Project object */;
			proxyType = 1;
			remoteGlobalIDString = 074906852CDD3028002490A6;
			remoteInfo = EricToDo;
		};
/* End PBXContainerItemProxy section */

/* Begin PBXFileReference section */
		074906862CDD3028002490A6 /* EricToDo.app */ = {isa = PBXFileReference; explicitFileType = wrapper.application; includeInIndex = 0; path = EricToDo.app; sourceTree = BUILT_PRODUCTS_DIR; };
		074906962CDD302B002490A6 /* EricToDoTests.xctest */ = {isa = PBXFileReference; explicitFileType = wrapper.cfbundle; includeInIndex = 0; path = EricToDoTests.xctest; sourceTree = BUILT_PRODUCTS_DIR; };
		074906A02CDD302B002490A6 /* EricToDoUITests.xctest */ = {isa = PBXFileReference; explicitFileType = wrapper.cfbundle; includeInIndex = 0; path = EricToDoUITests.xctest; sourceTree = BUILT_PRODUCTS_DIR; };
/* End PBXFileReference section */

/* Begin PBXFileSystemSynchronizedRootGroup section */
		074906882CDD3028002490A6 /* EricToDo */ = {
			isa = PBXFileSystemSynchronizedRootGroup;
			path = EricToDo;
			sourceTree = "<group>";
		};
		074906992CDD302B002490A6 /* EricToDoTests */ = {
			isa = PBXFileSystemSynchronizedRootGroup;
			path = EricToDoTests;
			sourceTree = "<group>";
		};
		074906A32CDD302B002490A6 /* EricToDoUITests */ = {
			isa = PBXFileSystemSynchronizedRootGroup;
			path = EricToDoUITests;
			sourceTree = "<group>";
		};
/* End PBXFileSystemSynchronizedRootGroup section */

/* Begin PBXFrameworksBuildPhase section */
		074906832CDD3028002490A6 /* Frameworks */ = {
			isa = PBXFrameworksBuildPhase;
			buildActionMask = 2147483647;
			files = (
				074906B52CDD593D002490A6 /* FirebaseAnalytics in Frameworks */,
				074906BB2CDD5A40002490A6 /* FirebaseStorage in Frameworks */,
				074906B72CDD5A40002490A6 /* FirebaseAuth in Frameworks */,
				074906B92CDD5A40002490A6 /* FirebaseFirestore in Frameworks */,
			);
			runOnlyForDeploymentPostprocessing = 0;
		};
		074906932CDD302B002490A6 /* Frameworks */ = {
			isa = PBXFrameworksBuildPhase;
			buildActionMask = 2147483647;
			files = (
			);
			runOnlyForDeploymentPostprocessing = 0;
		};
		0749069D2CDD302B002490A6 /* Frameworks */ = {
			isa = PBXFrameworksBuildPhase;
			buildActionMask = 2147483647;
			files = (
			);
			runOnlyForDeploymentPostprocessing = 0;
		};
/* End PBXFrameworksBuildPhase section */

/* Begin PBXGroup section */
		0749067D2CDD3028002490A6 = {
			isa = PBXGroup;
			children = (
				074906882CDD3028002490A6 /* EricToDo */,
				074906992CDD302B002490A6 /* EricToDoTests */,
				074906A32CDD302B002490A6 /* EricToDoUITests */,
				074906872CDD3028002490A6 /* Products */,
			);
			sourceTree = "<group>";
		};
		074906872CDD3028002490A6 /* Products */ = {
			isa = PBXGroup;
			children = (
				074906862CDD3028002490A6 /* EricToDo.app */,
				074906962CDD302B002490A6 /* EricToDoTests.xctest */,
				074906A02CDD302B002490A6 /* EricToDoUITests.xctest */,
			);
			name = Products;
			sourceTree = "<group>";
		};
/* End PBXGroup section */

/* Begin PBXNativeTarget section */
		074906852CDD3028002490A6 /* EricToDo */ = {
			isa = PBXNativeTarget;
			buildConfigurationList = 074906AA2CDD302B002490A6 /* Build configuration list for PBXNativeTarget "EricToDo" */;
			buildPhases = (
				074906822CDD3028002490A6 /* Sources */,
				074906832CDD3028002490A6 /* Frameworks */,
				074906842CDD3028002490A6 /* Resources */,
			);
			buildRules = (
			);
			dependencies = (
			);
			fileSystemSynchronizedGroups = (
				074906882CDD3028002490A6 /* EricToDo */,
			);
			name = EricToDo;
			packageProductDependencies = (
				074906B42CDD593D002490A6 /* FirebaseAnalytics */,
				074906B62CDD5A40002490A6 /* FirebaseAuth */,
				074906B82CDD5A40002490A6 /* FirebaseFirestore */,
				074906BA2CDD5A40002490A6 /* FirebaseStorage */,
			);
			productName = EricToDo;
			productReference = 074906862CDD3028002490A6 /* EricToDo.app */;
			productType = "com.apple.product-type.application";
		};
		074906952CDD302B002490A6 /* EricToDoTests */ = {
			isa = PBXNativeTarget;
			buildConfigurationList = 074906AD2CDD302B002490A6 /* Build configuration list for PBXNativeTarget "EricToDoTests" */;
			buildPhases = (
				074906922CDD302B002490A6 /* Sources */,
				074906932CDD302B002490A6 /* Frameworks */,
				074906942CDD302B002490A6 /* Resources */,
			);
			buildRules = (
			);
			dependencies = (
				074906982CDD302B002490A6 /* PBXTargetDependency */,
			);
			fileSystemSynchronizedGroups = (
				074906992CDD302B002490A6 /* EricToDoTests */,
			);
			name = EricToDoTests;
			packageProductDependencies = (
			);
			productName = EricToDoTests;
			productReference = 074906962CDD302B002490A6 /* EricToDoTests.xctest */;
			productType = "com.apple.product-type.bundle.unit-test";
		};
		0749069F2CDD302B002490A6 /* EricToDoUITests */ = {
			isa = PBXNativeTarget;
			buildConfigurationList = 074906B02CDD302B002490A6 /* Build configuration list for PBXNativeTarget "EricToDoUITests" */;
			buildPhases = (
				0749069C2CDD302B002490A6 /* Sources */,
				0749069D2CDD302B002490A6 /* Frameworks */,
				0749069E2CDD302B002490A6 /* Resources */,
			);
			buildRules = (
			);
			dependencies = (
				074906A22CDD302B002490A6 /* PBXTargetDependency */,
			);
			fileSystemSynchronizedGroups = (
				074906A32CDD302B002490A6 /* EricToDoUITests */,
			);
			name = EricToDoUITests;
			packageProductDependencies = (
			);
			productName = EricToDoUITests;
			productReference = 074906A02CDD302B002490A6 /* EricToDoUITests.xctest */;
			productType = "com.apple.product-type.bundle.ui-testing";
		};
/* End PBXNativeTarget section */

/* Begin PBXProject section */
		0749067E2CDD3028002490A6 /* Project object */ = {
			isa = PBXProject;
			attributes = {
				BuildIndependentTargetsInParallel = 1;
				LastSwiftUpdateCheck = 1610;
				LastUpgradeCheck = 1610;
				TargetAttributes = {
					074906852CDD3028002490A6 = {
						CreatedOnToolsVersion = 16.1;
					};
					074906952CDD302B002490A6 = {
						CreatedOnToolsVersion = 16.1;
						TestTargetID = 074906852CDD3028002490A6;
					};
					0749069F2CDD302B002490A6 = {
						CreatedOnToolsVersion = 16.1;
						TestTargetID = 074906852CDD3028002490A6;
					};
				};
			};
			buildConfigurationList = 074906812CDD3028002490A6 /* Build configuration list for PBXProject "EricToDo" */;
			developmentRegion = en;
			hasScannedForEncodings = 0;
			knownRegions = (
				en,
				Base,
				zh,
			);
			mainGroup = 0749067D2CDD3028002490A6;
			minimizedProjectReferenceProxies = 1;
			packageReferences = (
				074906B32CDD3821002490A6 /* XCRemoteSwiftPackageReference "firebase-ios-sdk" */,
			);
			preferredProjectObjectVersion = 77;
			productRefGroup = 074906872CDD3028002490A6 /* Products */;
			projectDirPath = "";
			projectRoot = "";
			targets = (
				074906852CDD3028002490A6 /* EricToDo */,
				074906952CDD302B002490A6 /* EricToDoTests */,
				0749069F2CDD302B002490A6 /* EricToDoUITests */,
			);
		};
/* End PBXProject section */

/* Begin PBXResourcesBuildPhase section */
		074906842CDD3028002490A6 /* Resources */ = {
			isa = PBXResourcesBuildPhase;
			buildActionMask = 2147483647;
			files = (
			);
			runOnlyForDeploymentPostprocessing = 0;
		};
		074906942CDD302B002490A6 /* Resources */ = {
			isa = PBXResourcesBuildPhase;
			buildActionMask = 2147483647;
			files = (
			);
			runOnlyForDeploymentPostprocessing = 0;
		};
		0749069E2CDD302B002490A6 /* Resources */ = {
			isa = PBXResourcesBuildPhase;
			buildActionMask = 2147483647;
			files = (
			);
			runOnlyForDeploymentPostprocessing = 0;
		};
/* End PBXResourcesBuildPhase section */

/* Begin PBXSourcesBuildPhase section */
		074906822CDD3028002490A6 /* Sources */ = {
			isa = PBXSourcesBuildPhase;
			buildActionMask = 2147483647;
			files = (
			);
			runOnlyForDeploymentPostprocessing = 0;
		};
		074906922CDD302B002490A6 /* Sources */ = {
			isa = PBXSourcesBuildPhase;
			buildActionMask = 2147483647;
			files = (
			);
			runOnlyForDeploymentPostprocessing = 0;
		};
		0749069C2CDD302B002490A6 /* Sources */ = {
			isa = PBXSourcesBuildPhase;
			buildActionMask = 2147483647;
			files = (
			);
			runOnlyForDeploymentPostprocessing = 0;
		};
/* End PBXSourcesBuildPhase section */

/* Begin PBXTargetDependency section */
		074906982CDD302B002490A6 /* PBXTargetDependency */ = {
			isa = PBXTargetDependency;
			target = 074906852CDD3028002490A6 /* EricToDo */;
			targetProxy = 074906972CDD302B002490A6 /* PBXContainerItemProxy */;
		};
		074906A22CDD302B002490A6 /* PBXTargetDependency */ = {
			isa = PBXTargetDependency;
			target = 074906852CDD3028002490A6 /* EricToDo */;
			targetProxy = 074906A12CDD302B002490A6 /* PBXContainerItemProxy */;
		};
/* End PBXTargetDependency section */

/* Begin XCBuildConfiguration section */
		074906A82CDD302B002490A6 /* Debug */ = {
			isa = XCBuildConfiguration;
			buildSettings = {
				ALWAYS_SEARCH_USER_PATHS = NO;
				ASSETCATALOG_COMPILER_GENERATE_SWIFT_ASSET_SYMBOL_EXTENSIONS = YES;
				CLANG_ANALYZER_NONNULL = YES;
				CLANG_ANALYZER_NUMBER_OBJECT_CONVERSION = YES_AGGRESSIVE;
				CLANG_CXX_LANGUAGE_STANDARD = "gnu++20";
				CLANG_ENABLE_MODULES = YES;
				CLANG_ENABLE_OBJC_ARC = YES;
				CLANG_ENABLE_OBJC_WEAK = YES;
				CLANG_WARN_BLOCK_CAPTURE_AUTORELEASING = YES;
				CLANG_WARN_BOOL_CONVERSION = YES;
				CLANG_WARN_COMMA = YES;
				CLANG_WARN_CONSTANT_CONVERSION = YES;
				CLANG_WARN_DEPRECATED_OBJC_IMPLEMENTATIONS = YES;
				CLANG_WARN_DIRECT_OBJC_ISA_USAGE = YES_ERROR;
				CLANG_WARN_DOCUMENTATION_COMMENTS = YES;
				CLANG_WARN_EMPTY_BODY = YES;
				CLANG_WARN_ENUM_CONVERSION = YES;
				CLANG_WARN_INFINITE_RECURSION = YES;
				CLANG_WARN_INT_CONVERSION = YES;
				CLANG_WARN_NON_LITERAL_NULL_CONVERSION = YES;
				CLANG_WARN_OBJC_IMPLICIT_RETAIN_SELF = YES;
				CLANG_WARN_OBJC_LITERAL_CONVERSION = YES;
				CLANG_WARN_OBJC_ROOT_CLASS = YES_ERROR;
				CLANG_WARN_QUOTED_INCLUDE_IN_FRAMEWORK_HEADER = YES;
				CLANG_WARN_RANGE_LOOP_ANALYSIS = YES;
				CLANG_WARN_STRICT_PROTOTYPES = YES;
				CLANG_WARN_SUSPICIOUS_MOVE = YES;
				CLANG_WARN_UNGUARDED_AVAILABILITY = YES_AGGRESSIVE;
				CLANG_WARN_UNREACHABLE_CODE = YES;
				CLANG_WARN__DUPLICATE_METHOD_MATCH = YES;
				COPY_PHASE_STRIP = NO;
				DEBUG_INFORMATION_FORMAT = dwarf;
				ENABLE_STRICT_OBJC_MSGSEND = YES;
				ENABLE_TESTABILITY = YES;
				ENABLE_USER_SCRIPT_SANDBOXING = YES;
				GCC_C_LANGUAGE_STANDARD = gnu17;
				GCC_DYNAMIC_NO_PIC = NO;
				GCC_NO_COMMON_BLOCKS = YES;
				GCC_OPTIMIZATION_LEVEL = 0;
				GCC_PREPROCESSOR_DEFINITIONS = (
					"DEBUG=1",
					"$(inherited)",
				);
				GCC_WARN_64_TO_32_BIT_CONVERSION = YES;
				GCC_WARN_ABOUT_RETURN_TYPE = YES_ERROR;
				GCC_WARN_UNDECLARED_SELECTOR = YES;
				GCC_WARN_UNINITIALIZED_AUTOS = YES_AGGRESSIVE;
				GCC_WARN_UNUSED_FUNCTION = YES;
				GCC_WARN_UNUSED_VARIABLE = YES;
				IPHONEOS_DEPLOYMENT_TARGET = 18.1;
				LOCALIZATION_PREFERS_STRING_CATALOGS = YES;
				MTL_ENABLE_DEBUG_INFO = INCLUDE_SOURCE;
				MTL_FAST_MATH = YES;
				ONLY_ACTIVE_ARCH = YES;
				SDKROOT = iphoneos;
				SWIFT_ACTIVE_COMPILATION_CONDITIONS = "DEBUG $(inherited)";
				SWIFT_OPTIMIZATION_LEVEL = "-Onone";
			};
			name = Debug;
		};
		074906A92CDD302B002490A6 /* Release */ = {
			isa = XCBuildConfiguration;
			buildSettings = {
				ALWAYS_SEARCH_USER_PATHS = NO;
				ASSETCATALOG_COMPILER_GENERATE_SWIFT_ASSET_SYMBOL_EXTENSIONS = YES;
				CLANG_ANALYZER_NONNULL = YES;
				CLANG_ANALYZER_NUMBER_OBJECT_CONVERSION = YES_AGGRESSIVE;
				CLANG_CXX_LANGUAGE_STANDARD = "gnu++20";
				CLANG_ENABLE_MODULES = YES;
				CLANG_ENABLE_OBJC_ARC = YES;
				CLANG_ENABLE_OBJC_WEAK = YES;
				CLANG_WARN_BLOCK_CAPTURE_AUTORELEASING = YES;
				CLANG_WARN_BOOL_CONVERSION = YES;
				CLANG_WARN_COMMA = YES;
				CLANG_WARN_CONSTANT_CONVERSION = YES;
				CLANG_WARN_DEPRECATED_OBJC_IMPLEMENTATIONS = YES;
				CLANG_WARN_DIRECT_OBJC_ISA_USAGE = YES_ERROR;
				CLANG_WARN_DOCUMENTATION_COMMENTS = YES;
				CLANG_WARN_EMPTY_BODY = YES;
				CLANG_WARN_ENUM_CONVERSION = YES;
				CLANG_WARN_INFINITE_RECURSION = YES;
				CLANG_WARN_INT_CONVERSION = YES;
				CLANG_WARN_NON_LITERAL_NULL_CONVERSION = YES;
				CLANG_WARN_OBJC_IMPLICIT_RETAIN_SELF = YES;
				CLANG_WARN_OBJC_LITERAL_CONVERSION = YES;
				CLANG_WARN_OBJC_ROOT_CLASS = YES_ERROR;
				CLANG_WARN_QUOTED_INCLUDE_IN_FRAMEWORK_HEADER = YES;
				CLANG_WARN_RANGE_LOOP_ANALYSIS = YES;
				CLANG_WARN_STRICT_PROTOTYPES = YES;
				CLANG_WARN_SUSPICIOUS_MOVE = YES;
				CLANG_WARN_UNGUARDED_AVAILABILITY = YES_AGGRESSIVE;
				CLANG_WARN_UNREACHABLE_CODE = YES;
				CLANG_WARN__DUPLICATE_METHOD_MATCH = YES;
				COPY_PHASE_STRIP = NO;
				DEBUG_INFORMATION_FORMAT = "dwarf-with-dsym";
				ENABLE_NS_ASSERTIONS = NO;
				ENABLE_STRICT_OBJC_MSGSEND = YES;
				ENABLE_USER_SCRIPT_SANDBOXING = YES;
				GCC_C_LANGUAGE_STANDARD = gnu17;
				GCC_NO_COMMON_BLOCKS = YES;
				GCC_WARN_64_TO_32_BIT_CONVERSION = YES;
				GCC_WARN_ABOUT_RETURN_TYPE = YES_ERROR;
				GCC_WARN_UNDECLARED_SELECTOR = YES;
				GCC_WARN_UNINITIALIZED_AUTOS = YES_AGGRESSIVE;
				GCC_WARN_UNUSED_FUNCTION = YES;
				GCC_WARN_UNUSED_VARIABLE = YES;
				IPHONEOS_DEPLOYMENT_TARGET = 18.1;
				LOCALIZATION_PREFERS_STRING_CATALOGS = YES;
				MTL_ENABLE_DEBUG_INFO = NO;
				MTL_FAST_MATH = YES;
				SDKROOT = iphoneos;
				SWIFT_COMPILATION_MODE = wholemodule;
				VALIDATE_PRODUCT = YES;
			};
			name = Release;
		};
		074906AB2CDD302B002490A6 /* Debug */ = {
			isa = XCBuildConfiguration;
			buildSettings = {
				ASSETCATALOG_COMPILER_APPICON_NAME = AppIcon;
				ASSETCATALOG_COMPILER_GLOBAL_ACCENT_COLOR_NAME = AccentColor;
				CODE_SIGN_STYLE = Automatic;
				CURRENT_PROJECT_VERSION = 1;
				DEVELOPMENT_ASSET_PATHS = "\"EricToDo/Preview Content\"";
				ENABLE_PREVIEWS = YES;
				GENERATE_INFOPLIST_FILE = YES;
				INFOPLIST_KEY_CFBundleDisplayName = EricToDo;
				INFOPLIST_KEY_UIApplicationSceneManifest_Generation = YES;
				INFOPLIST_KEY_UIApplicationSupportsIndirectInputEvents = YES;
				INFOPLIST_KEY_UILaunchScreen_Generation = YES;
				INFOPLIST_KEY_UISupportedInterfaceOrientations = UIInterfaceOrientationPortrait;
				LD_RUNPATH_SEARCH_PATHS = (
					"$(inherited)",
					"@executable_path/Frameworks",
				);
				MARKETING_VERSION = 1.0;
				PRODUCT_BUNDLE_IDENTIFIER = org.encodinge.EricToDo;
				PRODUCT_NAME = "$(TARGET_NAME)";
				SWIFT_EMIT_LOC_STRINGS = YES;
				SWIFT_VERSION = 5.0;
				TARGETED_DEVICE_FAMILY = "1,2";
			};
			name = Debug;
		};
		074906AC2CDD302B002490A6 /* Release */ = {
			isa = XCBuildConfiguration;
			buildSettings = {
				ASSETCATALOG_COMPILER_APPICON_NAME = AppIcon;
				ASSETCATALOG_COMPILER_GLOBAL_ACCENT_COLOR_NAME = AccentColor;
				CODE_SIGN_STYLE = Automatic;
				CURRENT_PROJECT_VERSION = 1;
				DEVELOPMENT_ASSET_PATHS = "\"EricToDo/Preview Content\"";
				ENABLE_PREVIEWS = YES;
				GENERATE_INFOPLIST_FILE = YES;
				INFOPLIST_KEY_CFBundleDisplayName = EricToDo;
				INFOPLIST_KEY_UIApplicationSceneManifest_Generation = YES;
				INFOPLIST_KEY_UIApplicationSupportsIndirectInputEvents = YES;
				INFOPLIST_KEY_UILaunchScreen_Generation = YES;
				INFOPLIST_KEY_UISupportedInterfaceOrientations = UIInterfaceOrientationPortrait;
				LD_RUNPATH_SEARCH_PATHS = (
					"$(inherited)",
					"@executable_path/Frameworks",
				);
				MARKETING_VERSION = 1.0;
				PRODUCT_BUNDLE_IDENTIFIER = org.encodinge.EricToDo;
				PRODUCT_NAME = "$(TARGET_NAME)";
				SWIFT_EMIT_LOC_STRINGS = YES;
				SWIFT_VERSION = 5.0;
				TARGETED_DEVICE_FAMILY = "1,2";
			};
			name = Release;
		};
		074906AE2CDD302B002490A6 /* Debug */ = {
			isa = XCBuildConfiguration;
			buildSettings = {
				BUNDLE_LOADER = "$(TEST_HOST)";
				CODE_SIGN_STYLE = Automatic;
				CURRENT_PROJECT_VERSION = 1;
				GENERATE_INFOPLIST_FILE = YES;
				IPHONEOS_DEPLOYMENT_TARGET = 18.1;
				MARKETING_VERSION = 1.0;
				PRODUCT_BUNDLE_IDENTIFIER = org.encodinge.EricToDoTests;
				PRODUCT_NAME = "$(TARGET_NAME)";
				SWIFT_EMIT_LOC_STRINGS = NO;
				SWIFT_VERSION = 5.0;
				TARGETED_DEVICE_FAMILY = "1,2";
				TEST_HOST = "$(BUILT_PRODUCTS_DIR)/EricToDo.app/$(BUNDLE_EXECUTABLE_FOLDER_PATH)/EricToDo";
			};
			name = Debug;
		};
		074906AF2CDD302B002490A6 /* Release */ = {
			isa = XCBuildConfiguration;
			buildSettings = {
				BUNDLE_LOADER = "$(TEST_HOST)";
				CODE_SIGN_STYLE = Automatic;
				CURRENT_PROJECT_VERSION = 1;
				GENERATE_INFOPLIST_FILE = YES;
				IPHONEOS_DEPLOYMENT_TARGET = 18.1;
				MARKETING_VERSION = 1.0;
				PRODUCT_BUNDLE_IDENTIFIER = org.encodinge.EricToDoTests;
				PRODUCT_NAME = "$(TARGET_NAME)";
				SWIFT_EMIT_LOC_STRINGS = NO;
				SWIFT_VERSION = 5.0;
				TARGETED_DEVICE_FAMILY = "1,2";
				TEST_HOST = "$(BUILT_PRODUCTS_DIR)/EricToDo.app/$(BUNDLE_EXECUTABLE_FOLDER_PATH)/EricToDo";
			};
			name = Release;
		};
		074906B12CDD302B002490A6 /* Debug */ = {
			isa = XCBuildConfiguration;
			buildSettings = {
				CODE_SIGN_STYLE = Automatic;
				CURRENT_PROJECT_VERSION = 1;
				GENERATE_INFOPLIST_FILE = YES;
				MARKETING_VERSION = 1.0;
				PRODUCT_BUNDLE_IDENTIFIER = org.encodinge.EricToDoUITests;
				PRODUCT_NAME = "$(TARGET_NAME)";
				SWIFT_EMIT_LOC_STRINGS = NO;
				SWIFT_VERSION = 5.0;
				TARGETED_DEVICE_FAMILY = "1,2";
				TEST_TARGET_NAME = EricToDo;
			};
			name = Debug;
		};
		074906B22CDD302B002490A6 /* Release */ = {
			isa = XCBuildConfiguration;
			buildSettings = {
				CODE_SIGN_STYLE = Automatic;
				CURRENT_PROJECT_VERSION = 1;
				GENERATE_INFOPLIST_FILE = YES;
				MARKETING_VERSION = 1.0;
				PRODUCT_BUNDLE_IDENTIFIER = org.encodinge.EricToDoUITests;
				PRODUCT_NAME = "$(TARGET_NAME)";
				SWIFT_EMIT_LOC_STRINGS = NO;
				SWIFT_VERSION = 5.0;
				TARGETED_DEVICE_FAMILY = "1,2";
				TEST_TARGET_NAME = EricToDo;
			};
			name = Release;
		};
/* End XCBuildConfiguration section */

/* Begin XCConfigurationList section */
		074906812CDD3028002490A6 /* Build configuration list for PBXProject "EricToDo" */ = {
			isa = XCConfigurationList;
			buildConfigurations = (
				074906A82CDD302B002490A6 /* Debug */,
				074906A92CDD302B002490A6 /* Release */,
			);
			defaultConfigurationIsVisible = 0;
			defaultConfigurationName = Release;
		};
		074906AA2CDD302B002490A6 /* Build configuration list for PBXNativeTarget "EricToDo" */ = {
			isa = XCConfigurationList;
			buildConfigurations = (
				074906AB2CDD302B002490A6 /* Debug */,
				074906AC2CDD302B002490A6 /* Release */,
			);
			defaultConfigurationIsVisible = 0;
			defaultConfigurationName = Release;
		};
		074906AD2CDD302B002490A6 /* Build configuration list for PBXNativeTarget "EricToDoTests" */ = {
			isa = XCConfigurationList;
			buildConfigurations = (
				074906AE2CDD302B002490A6 /* Debug */,
				074906AF2CDD302B002490A6 /* Release */,
			);
			defaultConfigurationIsVisible = 0;
			defaultConfigurationName = Release;
		};
		074906B02CDD302B002490A6 /* Build configuration list for PBXNativeTarget "EricToDoUITests" */ = {
			isa = XCConfigurationList;
			buildConfigurations = (
				074906B12CDD302B002490A6 /* Debug */,
				074906B22CDD302B002490A6 /* Release */,
			);
			defaultConfigurationIsVisible = 0;
			defaultConfigurationName = Release;
		};
/* End XCConfigurationList section */

/* Begin XCRemoteSwiftPackageReference section */
		074906B32CDD3821002490A6 /* XCRemoteSwiftPackageReference "firebase-ios-sdk" */ = {
			isa = XCRemoteSwiftPackageReference;
			repositoryURL = "https://github.com/firebase/firebase-ios-sdk";
			requirement = {
				kind = upToNextMajorVersion;
				minimumVersion = 11.4.0;
			};
		};
/* End XCRemoteSwiftPackageReference section */

/* Begin XCSwiftPackageProductDependency section */
		074906B42CDD593D002490A6 /* FirebaseAnalytics */ = {
			isa = XCSwiftPackageProductDependency;
			package = 074906B32CDD3821002490A6 /* XCRemoteSwiftPackageReference "firebase-ios-sdk" */;
			productName = FirebaseAnalytics;
		};
		074906B62CDD5A40002490A6 /* FirebaseAuth */ = {
			isa = XCSwiftPackageProductDependency;
			package = 074906B32CDD3821002490A6 /* XCRemoteSwiftPackageReference "firebase-ios-sdk" */;
			productName = FirebaseAuth;
		};
		074906B82CDD5A40002490A6 /* FirebaseFirestore */ = {
			isa = XCSwiftPackageProductDependency;
			package = 074906B32CDD3821002490A6 /* XCRemoteSwiftPackageReference "firebase-ios-sdk" */;
			productName = FirebaseFirestore;
		};
		074906BA2CDD5A40002490A6 /* FirebaseStorage */ = {
			isa = XCSwiftPackageProductDependency;
			package = 074906B32CDD3821002490A6 /* XCRemoteSwiftPackageReference "firebase-ios-sdk" */;
			productName = FirebaseStorage;
		};
/* End XCSwiftPackageProductDependency section */
	};
	rootObject = 0749067E2CDD3028002490A6 /* Project object */;
}
